
Microsoft Visual Studio Solution File, Format Version 12.00
# Visual Studio Version 17
VisualStudioVersion = 17.7.34018.315
MinimumVisualStudioVersion = 10.0.40219.1
Project("{FAE04EC0-301F-11D3-BF4B-00C04F79EFBC}") = "QuanLyBanHangWinmart", "QuanLyBanHangWinmart\QuanLyBanHangWinmart.csproj", "{7AAA2732-7840-411A-828F-1166C26C2B56}"
EndProject
Project("{FAE04EC0-301F-11D3-BF4B-00C04F79EFBC}") = "QuanLyBanHangWinmartTests1", "QuanLyBanHangWinmartTests1\QuanLyBanHangWinmartTests1.csproj", "{EF3AE809-8986-446E-A1F0-15247DD46BED}"
EndProject
Global
	GlobalSection(SolutionConfigurationPlatforms) = preSolution
		Debug|Any CPU = Debug|Any CPU
		Release|Any CPU = Release|Any CPU
	EndGlobalSection
	GlobalSection(ProjectConfigurationPlatforms) = postSolution
		{7AAA2732-7840-411A-828F-1166C26C2B56}.Debug|Any CPU.ActiveCfg = Debug|Any CPU
		{7AAA2732-7840-411A-828F-1166C26C2B56}.Debug|Any CPU.Build.0 = Debug|Any CPU
		{7AAA2732-7840-411A-828F-1166C26C2B56}.Release|Any CPU.ActiveCfg = Release|Any CPU
		{7AAA2732-7840-411A-828F-1166C26C2B56}.Release|Any CPU.Build.0 = Release|Any CPU
		{EF3AE809-8986-446E-A1F0-15247DD46BED}.Debug|Any CPU.ActiveCfg = Debug|Any CPU
		{EF3AE809-8986-446E-A1F0-15247DD46BED}.Debug|Any CPU.Build.0 = Debug|Any CPU
		{EF3AE809-8986-446E-A1F0-15247DD46BED}.Release|Any CPU.ActiveCfg = Release|Any CPU
		{EF3AE809-8986-446E-A1F0-15247DD46BED}.Release|Any CPU.Build.0 = Release|Any CPU
	EndGlobalSection
	GlobalSection(SolutionProperties) = preSolution
		HideSolutionNode = FALSE
	EndGlobalSection
	GlobalSection(ExtensibilityGlobals) = postSolution
		SolutionGuid = {539DADA2-BC17-4C33-82E3-2FA8D12C1CF4}
	EndGlobalSection
EndGlobal
